Microsoft Visual Studio Solution File, Format Version 12.00
# Visual Studio 2012
Project("{FAE04EC0-301F-11D3-BF4B-00C04F79EFBC}") = "SimpleSnake", "SimpleSnake.csproj", "{CB6CE085-FC1D-4613-BBCA-0A7E5AE5B999}"
EndProject
Global
	GlobalSection(SolutionConfigurationPlatforms) = preSolution
	Debug|Any CPU = Debug|Any CPU
	ExportDebug|Any CPU = ExportDebug|Any CPU
	ExportRelease|Any CPU = ExportRelease|Any CPU
	EndGlobalSection
	GlobalSection(ProjectConfigurationPlatforms) = postSolution
		{CB6CE085-FC1D-4613-BBCA-0A7E5AE5B999}.Debug|Any CPU.ActiveCfg = Debug|Any CPU
		{CB6CE085-FC1D-4613-BBCA-0A7E5AE5B999}.Debug|Any CPU.Build.0 = Debug|Any CPU
		{CB6CE085-FC1D-4613-BBCA-0A7E5AE5B999}.ExportDebug|Any CPU.ActiveCfg = ExportDebug|Any CPU
		{CB6CE085-FC1D-4613-BBCA-0A7E5AE5B999}.ExportDebug|Any CPU.Build.0 = ExportDebug|Any CPU
		{CB6CE085-FC1D-4613-BBCA-0A7E5AE5B999}.ExportRelease|Any CPU.ActiveCfg = ExportRelease|Any CPU
		{CB6CE085-FC1D-4613-BBCA-0A7E5AE5B999}.ExportRelease|Any CPU.Build.0 = ExportRelease|Any CPU
	EndGlobalSection
EndGlobal
